{
  "name": "react-dashboard",
  "version": "0.1.0",
  "lockfileVersion": 1,
  "requires": true,
  "dependencies": {
    "@babel/runtime": {
      "version": "7.4.5",
      "resolved": "https://registry.npmjs.org/@babel/runtime/-/runtime-7.4.5.tgz",
      "integrity": "sha512-TuI4qpWZP6lGOGIuGWtp9sPluqYICmbk8T/1vpSysqJxRPkudh/ofFWyqdcMsDf2s7KvDL4/YHgKyvcS3g9CJQ==",
      "requires": {
        "regenerator-runtime": "^0.13.2"
      }
    },
    "@fusioncharts/charts": {
      "version": "3.14.0",
      "resolved": "https://registry.npmjs.org/@fusioncharts/charts/-/charts-3.14.0.tgz",
      "integrity": "sha512-bDXgXpAXPUTbmTVmfUbLEpEHCogP1+Ru7wEyHaO974jhKkea8I0bvzcyJCY4JUJZDQtmxFixZrPxxxkN66N/XQ==",
      "requires": {
        "@babel/runtime": "7.4.5",
        "@fusioncharts/core": "^1.0.0",
        "@fusioncharts/features": "^1.0.0",
        "@fusioncharts/utils": "^1.0.0"
      }
    },
    "@fusioncharts/constructor": {
      "version": "1.0.0",
      "resolved": "https://registry.npmjs.org/@fusioncharts/constructor/-/constructor-1.0.0.tgz",
      "integrity": "sha512-MXp60NysaoXzUzt/4He8SI+LZTF4pGJgG0XGFC1oPrV1fsz7KqKZFOTxI+vmqtWjiwvkRZcyOsPo9wocnSntfg==",
      "requires": {
        "@babel/runtime": "7.4.5",
        "@fusioncharts/core": "^1.0.0",
        "@fusioncharts/maps": "^3.14.0"
      }
    },
    "@fusioncharts/core": {
      "version": "1.0.0",
      "resolved": "https://registry.npmjs.org/@fusioncharts/core/-/core-1.0.0.tgz",
      "integrity": "sha512-TiuBIJIuK5T360NiyyQlKxyOgTkQMC2bjb7bAUJlydri7+Ra7Z5SbBeNUCNQ2dXZkWGYlqw0k9VNx46dMUCNPQ==",
      "requires": {
        "@babel/runtime": "7.4.5",
        "@fusioncharts/utils": "^1.0.0",
        "core-js": "^3.0.1",
        "ramda": "^0.25.0"
      }
    },
    "@fusioncharts/datatable": {
      "version": "1.0.0",
      "resolved": "https://registry.npmjs.org/@fusioncharts/datatable/-/datatable-1.0.0.tgz",
      "integrity": "sha512-24104V8uP6GR9UIx/EXKx7805cuwAg5fJSSMLMXBDfr0KuwwT3STu9duBWOnrS6xcEqqDX6ptZPcUoW/M4rqxg==",
      "requires": {
        "@babel/runtime": "7.4.5",
        "@fusioncharts/utils": "^1.0.0"
      }
    },
    "@fusioncharts/features": {
      "version": "1.0.0",
      "resolved": "https://registry.npmjs.org/@fusioncharts/features/-/features-1.0.0.tgz",
      "integrity": "sha512-39BaeJ2M7lSV8DC6zSZKe1K5kbx/YrezfSDEDm1vKGecvQSECfPQ+/qcHLmHrYyRh5Hzlp6mGGztcw1ZO8cTqw==",
      "requires": {
        "@babel/runtime": "7.4.5",
        "@fusioncharts/core": "^1.0.0"
      }
    },
    "@fusioncharts/fusiontime": {
      "version": "1.2.0",
      "resolved": "https://registry.npmjs.org/@fusioncharts/fusiontime/-/fusiontime-1.2.0.tgz",
      "integrity": "sha512-3tS+3HBuXYz013uQhF8YxYidZsOUlWWb8xbsj7uAyTI3INP8WZiwp4CpDyCnT8Y6/P5D4xxcdvMKYx1bOfQZeQ==",
      "requires": {
        "@babel/runtime": "7.4.5",
        "@fusioncharts/charts": "^3.14.0",
        "@fusioncharts/core": "^1.0.0",
        "@fusioncharts/datatable": "^1.0.0",
        "@fusioncharts/utils": "^1.0.0",
        "ramda": "^0.25.0"
      }
    },
    "@fusioncharts/maps": {
      "version": "3.14.0",
      "resolved": "https://registry.npmjs.org/@fusioncharts/maps/-/maps-3.14.0.tgz",
      "integrity": "sha512-ujg3KE6ejQ6AbLSG/ZHFqHDiW8x1nGinHC9agFQe5/tLAwf0+wuhDpzg1wZstssqBB1N0ufpp84G1Sxw/xWrrA==",
      "requires": {
        "@babel/runtime": "7.4.5",
        "@fusioncharts/charts": "^3.14.0",
        "@fusioncharts/core": "^1.0.0",
        "@fusioncharts/features": "^1.0.0"
      }
    },
    "@fusioncharts/powercharts": {
      "version": "3.14.0",
      "resolved": "https://registry.npmjs.org/@fusioncharts/powercharts/-/powercharts-3.14.0.tgz",
      "integrity": "sha512-U2fRK/bEnETIu8CUhI22mzPDamsx6DMqLmXxb1uuB1cXRem9vjJx+rlbRPFQdRqz8NIX89kLSW/eqCHkHmj+Ng==",
      "requires": {
        "@babel/runtime": "7.4.5",
        "@fusioncharts/charts": "^3.14.0",
        "@fusioncharts/core": "^1.0.0",
        "@fusioncharts/utils": "^1.0.0"
      }
    },
    "@fusioncharts/utils": {
      "version": "1.0.0",
      "resolved": "https://registry.npmjs.org/@fusioncharts/utils/-/utils-1.0.0.tgz",
      "integrity": "sha512-jli7V+9PeSlg1GmHrh8dJ86v/SwxGl2J44zMTD6HNO+iSgBPRm/POD2PBlJzScI9/RcUzQMrYjfWeeo64SGkoQ==",
      "requires": {
        "@babel/runtime": "7.4.5",
        "ramda": "^0.25.0"
      }
    },
    "@fusioncharts/widgets": {
      "version": "3.14.0",
      "resolved": "https://registry.npmjs.org/@fusioncharts/widgets/-/widgets-3.14.0.tgz",
      "integrity": "sha512-pb5EQc5vuxgk48ed99JA95gX0xILRcL3tv6Ez1/PrL5QEW04nwihYGwsAX7uGmizP3o78/GKRMGJAGM8c4GTEw==",
      "requires": {
        "@babel/runtime": "7.4.5",
        "@fusioncharts/charts": "^3.14.0",
        "@fusioncharts/constructor": "^1.0.0",
        "@fusioncharts/core": "^1.0.0",
        "@fusioncharts/features": "^1.0.0",
        "@fusioncharts/utils": "^1.0.0"
      }
    },
    "core-js": {
      "version": "3.1.4",
      "resolved": "https://registry.npmjs.org/core-js/-/core-js-3.1.4.tgz",
      "integrity": "sha512-YNZN8lt82XIMLnLirj9MhKDFZHalwzzrL9YLt6eb0T5D0EDl4IQ90IGkua8mHbnxNrkj1d8hbdizMc0Qmg1WnQ=="
    },
    "fusioncharts": {
      "version": "3.14.0",
      "resolved": "https://registry.npmjs.org/fusioncharts/-/fusioncharts-3.14.0.tgz",
      "integrity": "sha512-vNMcALeAuS4lD3rAWqF8bDE7OCKx1T0TifBI3NygtTP3aCPzck3i8ec8M7DINA8WqHErAH3Da0+F/0o6Zl/6wA==",
      "requires": {
        "@babel/runtime": "7.4.5",
        "@fusioncharts/charts": "^3.14.0",
        "@fusioncharts/constructor": "^1.0.0",
        "@fusioncharts/core": "^1.0.0",
        "@fusioncharts/datatable": "^1.0.0",
        "@fusioncharts/features": "^1.0.0",
        "@fusioncharts/fusiontime": "^1.2.0",
        "@fusioncharts/maps": "^3.14.0",
        "@fusioncharts/powercharts": "^3.14.0",
        "@fusioncharts/utils": "^1.0.0",
        "@fusioncharts/widgets": "^3.14.0"
      }
    },
    "ramda": {
      "version": "0.25.0",
      "resolved": "https://registry.npmjs.org/ramda/-/ramda-0.25.0.tgz",
      "integrity": "sha512-GXpfrYVPwx3K7RQ6aYT8KPS8XViSXUVJT1ONhoKPE9VAleW42YE+U+8VEyGWt41EnEQW7gwecYJriTI0pKoecQ=="
    },
    "react-fusioncharts": {
      "version": "3.0.1",
      "resolved": "https://registry.npmjs.org/react-fusioncharts/-/react-fusioncharts-3.0.1.tgz",
      "integrity": "sha512-qB7qc0tEV6U/uBhZ3r8CgcfTfxeNGtMCripnTgQT+7BG0sKU1VjQGizq6WfGYQTu08eY41FP4txm+wfibMYIoA==",
      "requires": {
        "uuid": "^3.2.1"
      }
    },
    "regenerator-runtime": {
      "version": "0.13.3",
      "resolved": "https://registry.npmjs.org/regenerator-runtime/-/regenerator-runtime-0.13.3.tgz",
      "integrity": "sha512-naKIZz2GQ8JWh///G7L3X6LaQUAMp2lvb1rvwwsURe/VXwD6VMfr+/1NuNw3ag8v2kY1aQ/go5SNn79O9JU7yw=="
    },
    "uuid": {
      "version": "3.3.2",
      "resolved": "https://registry.npmjs.org/uuid/-/uuid-3.3.2.tgz",
      "integrity": "sha512-yXJmeNaw3DnnKAOKJE51sL/ZaYfWJRl1pK9dr19YFCu0ObS231AB1/LbqTKRAQ5kw8A90rA6fr4riOUpTZvQZA=="
    }
  }
}
